
Microsoft Visual Studio Solution File, Format Version 12.00
# Visual Studio Version 17
VisualStudioVersion = 17.5.33516.290
MinimumVisualStudioVersion = 10.0.40219.1
Project("{FAE04EC0-301F-11D3-BF4B-00C04F79EFBC}") = "lab_03_1", "lab_03_1\lab_03_1.csproj", "{7274E793-7B58-4D74-BC0A-E0CEB1B1BF69}"
EndProject
Global
	GlobalSection(SolutionConfigurationPlatforms) = preSolution
		Debug|Any CPU = Debug|Any CPU
		Release|Any CPU = Release|Any CPU
	EndGlobalSection
	GlobalSection(ProjectConfigurationPlatforms) = postSolution
		{7274E793-7B58-4D74-BC0A-E0CEB1B1BF69}.Debug|Any CPU.ActiveCfg = Debug|Any CPU
		{7274E793-7B58-4D74-BC0A-E0CEB1B1BF69}.Debug|Any CPU.Build.0 = Debug|Any CPU
		{7274E793-7B58-4D74-BC0A-E0CEB1B1BF69}.Release|Any CPU.ActiveCfg = Release|Any CPU
		{7274E793-7B58-4D74-BC0A-E0CEB1B1BF69}.Release|Any CPU.Build.0 = Release|Any CPU
	EndGlobalSection
	GlobalSection(SolutionProperties) = preSolution
		HideSolutionNode = FALSE
	EndGlobalSection
	GlobalSection(ExtensibilityGlobals) = postSolution
		SolutionGuid = {E5846F74-8165-4CBC-B225-C96736199116}
	EndGlobalSection
EndGlobal
